
Microsoft Visual Studio Solution File, Format Version 12.00
# Visual Studio Version 17
VisualStudioVersion = 17.7.34202.233
MinimumVisualStudioVersion = 10.0.40219.1
Project("{FAE04EC0-301F-11D3-BF4B-00C04F79EFBC}") = "DemoAPI", "DemoAPI\DemoAPI.csproj", "{5AFA8680-140D-4A5A-9992-5A19CCCB5D58}"
EndProject
Project("{FAE04EC0-301F-11D3-BF4B-00C04F79EFBC}") = "DemoApi.UnitTests", "DemoApi.UnitTests\DemoApi.UnitTests.csproj", "{47E9A03D-8D69-40F1-9AEE-548D549748EB}"
EndProject
Project("{FAE04EC0-301F-11D3-BF4B-00C04F79EFBC}") = "DemoApi.ContractTests", "DemoApi.ContractTests\DemoApi.ContractTests.csproj", "{E5CAE34B-8636-4191-913D-FC47EA7F349C}"
EndProject
Global
	GlobalSection(SolutionConfigurationPlatforms) = preSolution
		Debug|Any CPU = Debug|Any CPU
		Release|Any CPU = Release|Any CPU
	EndGlobalSection
	GlobalSection(ProjectConfigurationPlatforms) = postSolution
		{5AFA8680-140D-4A5A-9992-5A19CCCB5D58}.Debug|Any CPU.ActiveCfg = Debug|Any CPU
		{5AFA8680-140D-4A5A-9992-5A19CCCB5D58}.Debug|Any CPU.Build.0 = Debug|Any CPU
		{5AFA8680-140D-4A5A-9992-5A19CCCB5D58}.Release|Any CPU.ActiveCfg = Release|Any CPU
		{5AFA8680-140D-4A5A-9992-5A19CCCB5D58}.Release|Any CPU.Build.0 = Release|Any CPU
		{47E9A03D-8D69-40F1-9AEE-548D549748EB}.Debug|Any CPU.ActiveCfg = Debug|Any CPU
		{47E9A03D-8D69-40F1-9AEE-548D549748EB}.Debug|Any CPU.Build.0 = Debug|Any CPU
		{47E9A03D-8D69-40F1-9AEE-548D549748EB}.Release|Any CPU.ActiveCfg = Release|Any CPU
		{47E9A03D-8D69-40F1-9AEE-548D549748EB}.Release|Any CPU.Build.0 = Release|Any CPU
		{E5CAE34B-8636-4191-913D-FC47EA7F349C}.Debug|Any CPU.ActiveCfg = Debug|Any CPU
		{E5CAE34B-8636-4191-913D-FC47EA7F349C}.Debug|Any CPU.Build.0 = Debug|Any CPU
		{E5CAE34B-8636-4191-913D-FC47EA7F349C}.Release|Any CPU.ActiveCfg = Release|Any CPU
		{E5CAE34B-8636-4191-913D-FC47EA7F349C}.Release|Any CPU.Build.0 = Release|Any CPU
	EndGlobalSection
	GlobalSection(SolutionProperties) = preSolution
		HideSolutionNode = FALSE
	EndGlobalSection
	GlobalSection(ExtensibilityGlobals) = postSolution
		SolutionGuid = {39CC7CEB-5E80-43D8-9E2F-43DADC9626B5}
	EndGlobalSection
EndGlobal
