
Microsoft Visual Studio Solution File, Format Version 12.00
# Visual Studio Version 17
VisualStudioVersion = 17.7.34202.233
MinimumVisualStudioVersion = 10.0.40219.1
Project("{FAE04EC0-301F-11D3-BF4B-00C04F79EFBC}") = "Banking.Tests", "Banking.Tests\Banking.Tests.csproj", "{180E8692-E3FC-4228-BE77-E9BECF1CBAE5}"
EndProject
Project("{FAE04EC0-301F-11D3-BF4B-00C04F79EFBC}") = "Banking.Domain", "Banking.Domain\Banking.Domain.csproj", "{36DDDCB5-89E5-4AC0-8A01-0B79F588A8B6}"
EndProject
Global
	GlobalSection(SolutionConfigurationPlatforms) = preSolution
		Debug|Any CPU = Debug|Any CPU
		Release|Any CPU = Release|Any CPU
	EndGlobalSection
	GlobalSection(ProjectConfigurationPlatforms) = postSolution
		{180E8692-E3FC-4228-BE77-E9BECF1CBAE5}.Debug|Any CPU.ActiveCfg = Debug|Any CPU
		{180E8692-E3FC-4228-BE77-E9BECF1CBAE5}.Debug|Any CPU.Build.0 = Debug|Any CPU
		{180E8692-E3FC-4228-BE77-E9BECF1CBAE5}.Release|Any CPU.ActiveCfg = Release|Any CPU
		{180E8692-E3FC-4228-BE77-E9BECF1CBAE5}.Release|Any CPU.Build.0 = Release|Any CPU
		{36DDDCB5-89E5-4AC0-8A01-0B79F588A8B6}.Debug|Any CPU.ActiveCfg = Debug|Any CPU
		{36DDDCB5-89E5-4AC0-8A01-0B79F588A8B6}.Debug|Any CPU.Build.0 = Debug|Any CPU
		{36DDDCB5-89E5-4AC0-8A01-0B79F588A8B6}.Release|Any CPU.ActiveCfg = Release|Any CPU
		{36DDDCB5-89E5-4AC0-8A01-0B79F588A8B6}.Release|Any CPU.Build.0 = Release|Any CPU
	EndGlobalSection
	GlobalSection(SolutionProperties) = preSolution
		HideSolutionNode = FALSE
	EndGlobalSection
	GlobalSection(ExtensibilityGlobals) = postSolution
		SolutionGuid = {48E583FD-9B8F-4E07-BA3B-4BE6021756CF}
	EndGlobalSection
EndGlobal
